
Microsoft Visual Studio Solution File, Format Version 12.00
# Visual Studio Version 17
VisualStudioVersion = 17.7.34003.232
MinimumVisualStudioVersion = 10.0.40219.1
Project("{9A19103F-16F7-4668-BE54-9A1E7A4F7556}") = "Queues", "Queues.csproj", "{FF5DB785-477A-478D-BA26-1C1416AE5C51}"
EndProject
Global
	GlobalSection(SolutionConfigurationPlatforms) = preSolution
		Debug|Any CPU = Debug|Any CPU
		Release|Any CPU = Release|Any CPU
	EndGlobalSection
	GlobalSection(ProjectConfigurationPlatforms) = postSolution
		{FF5DB785-477A-478D-BA26-1C1416AE5C51}.Debug|Any CPU.ActiveCfg = Debug|Any CPU
		{FF5DB785-477A-478D-BA26-1C1416AE5C51}.Debug|Any CPU.Build.0 = Debug|Any CPU
		{FF5DB785-477A-478D-BA26-1C1416AE5C51}.Release|Any CPU.ActiveCfg = Release|Any CPU
		{FF5DB785-477A-478D-BA26-1C1416AE5C51}.Release|Any CPU.Build.0 = Release|Any CPU
	EndGlobalSection
	GlobalSection(SolutionProperties) = preSolution
		HideSolutionNode = FALSE
	EndGlobalSection
	GlobalSection(ExtensibilityGlobals) = postSolution
		SolutionGuid = {C408CAAE-AC95-4037-A106-945B037CD8DA}
	EndGlobalSection
EndGlobal
